
Microsoft Visual Studio Solution File, Format Version 12.00
# Visual Studio Version 17
VisualStudioVersion = 17.7.34031.279
MinimumVisualStudioVersion = 10.0.40219.1
Project("{9A19103F-16F7-4668-BE54-9A1E7A4F7556}") = "VocabularyTrainer.Api", "backend\VocabularyTrainer.Api\VocabularyTrainer.Api.csproj", "{7C822D59-452B-495C-8C49-FF01B0E298E1}"
EndProject
Project("{2150E333-8FDC-42A3-9474-1A3956D46DE8}") = "Solution Items", "Solution Items", "{43083546-B20B-4876-90E1-B0FD73784808}"
	ProjectSection(SolutionItems) = preProject
		Directory.Build.props = Directory.Build.props
		Directory.Packages.props = Directory.Packages.props
	EndProjectSection
EndProject
Project("{9A19103F-16F7-4668-BE54-9A1E7A4F7556}") = "VocabularyTrainer.Client", "client\VocabularyTrainer.Client.csproj", "{4F9DF003-89DF-45BA-AAF6-2DBC406B76C4}"
EndProject
Global
	GlobalSection(SolutionConfigurationPlatforms) = preSolution
		Debug|Any CPU = Debug|Any CPU
		Release|Any CPU = Release|Any CPU
	EndGlobalSection
	GlobalSection(ProjectConfigurationPlatforms) = postSolution
		{7C822D59-452B-495C-8C49-FF01B0E298E1}.Debug|Any CPU.ActiveCfg = Debug|Any CPU
		{7C822D59-452B-495C-8C49-FF01B0E298E1}.Debug|Any CPU.Build.0 = Debug|Any CPU
		{7C822D59-452B-495C-8C49-FF01B0E298E1}.Release|Any CPU.ActiveCfg = Release|Any CPU
		{7C822D59-452B-495C-8C49-FF01B0E298E1}.Release|Any CPU.Build.0 = Release|Any CPU
		{4F9DF003-89DF-45BA-AAF6-2DBC406B76C4}.Debug|Any CPU.ActiveCfg = Debug|Any CPU
		{4F9DF003-89DF-45BA-AAF6-2DBC406B76C4}.Debug|Any CPU.Build.0 = Debug|Any CPU
		{4F9DF003-89DF-45BA-AAF6-2DBC406B76C4}.Release|Any CPU.ActiveCfg = Release|Any CPU
		{4F9DF003-89DF-45BA-AAF6-2DBC406B76C4}.Release|Any CPU.Build.0 = Release|Any CPU
	EndGlobalSection
	GlobalSection(SolutionProperties) = preSolution
		HideSolutionNode = FALSE
	EndGlobalSection
	GlobalSection(ExtensibilityGlobals) = postSolution
		SolutionGuid = {87A5CD39-7308-4A74-804B-61DE47E525A5}
	EndGlobalSection
EndGlobal
